Microsoft Visual Studio Solution File, Format Version 12.00
# Visual Studio Version 17
VisualStudioVersion = 17.5.2.0
MinimumVisualStudioVersion = 10.0.40219.1
Project("{FAE04EC0-301F-11D3-BF4B-00C04F79EFBC}") = "FantasyAggregatorApp", "FantasyAggregatorApp\FantasyAggregatorApp.csproj", "{07C56055-ED8E-1EBC-3884-E0D373063305}"
EndProject
Global
	GlobalSection(SolutionConfigurationPlatforms) = preSolution
		Debug|Any CPU = Debug|Any CPU
		Release|Any CPU = Release|Any CPU
	EndGlobalSection
	GlobalSection(ProjectConfigurationPlatforms) = postSolution
		{07C56055-ED8E-1EBC-3884-E0D373063305}.Debug|Any CPU.ActiveCfg = Debug|Any CPU
		{07C56055-ED8E-1EBC-3884-E0D373063305}.Debug|Any CPU.Build.0 = Debug|Any CPU
		{07C56055-ED8E-1EBC-3884-E0D373063305}.Release|Any CPU.ActiveCfg = Release|Any CPU
		{07C56055-ED8E-1EBC-3884-E0D373063305}.Release|Any CPU.Build.0 = Release|Any CPU
	EndGlobalSection
	GlobalSection(SolutionProperties) = preSolution
		HideSolutionNode = FALSE
	EndGlobalSection
	GlobalSection(ExtensibilityGlobals) = postSolution
		SolutionGuid = {BAF813DA-6B15-460B-97D0-9353F79D797F}
	EndGlobalSection
EndGlobal
